
Microsoft Visual Studio Solution File, Format Version 12.00
# Visual Studio 15
VisualStudioVersion = 15.0.28307.102
MinimumVisualStudioVersion = 10.0.40219.1
Project("{FAE04EC0-301F-11D3-BF4B-00C04F79EFBC}") = "ESS.Core.Entity", "ESS.Core.Entity\ESS.Core.Entity.csproj", "{91767AFC-73FC-4AB9-A67C-FFE41044D67E}"
EndProject
Project("{2150E333-8FDC-42A3-9474-1A3956D46DE8}") = "Core", "Core", "{1F6BFFD5-BF8B-4B3E-9429-865DE1A6136E}"
EndProject
Project("{FAE04EC0-301F-11D3-BF4B-00C04F79EFBC}") = "ESS.Service.Interface", "ESS.Service.Interface\ESS.Service.Interface.csproj", "{7084A19C-04B8-4777-8EBE-6762F2EA6715}"
EndProject
Project("{2150E333-8FDC-42A3-9474-1A3956D46DE8}") = "Infrastructure", "Infrastructure", "{73ABF8CE-8187-4313-A6DC-3CFBF2475D22}"
EndProject
Project("{FAE04EC0-301F-11D3-BF4B-00C04F79EFBC}") = "Framework", "Framework\Framework.csproj", "{36550C46-17EB-4A46-A379-28B3B9213808}"
EndProject
Project("{FAE04EC0-301F-11D3-BF4B-00C04F79EFBC}") = "ESS.Infrastructure", "ESS.Infrastructure\ESS.Infrastructure.csproj", "{EFD412E8-CDF0-4693-8533-CFE0C3937518}"
EndProject
Project("{FAE04EC0-301F-11D3-BF4B-00C04F79EFBC}") = "ESS.Core.Service", "ESS.Core.Service\ESS.Core.Service.csproj", "{971CB113-7C77-4BF6-825D-B76BD0E1ED6D}"
EndProject
Project("{2150E333-8FDC-42A3-9474-1A3956D46DE8}") = "App", "App", "{05D0C774-A114-4958-BB46-A31DC6D97A63}"
EndProject
Project("{FAE04EC0-301F-11D3-BF4B-00C04F79EFBC}") = "App.Framework", "App.Framework\App.Framework.csproj", "{93BF5879-063A-4280-8EEB-4D15C4172F8D}"
EndProject
Project("{FAE04EC0-301F-11D3-BF4B-00C04F79EFBC}") = "ESS.Web", "ESS.Web\ESS.Web.csproj", "{A588183F-5DEA-402C-92E0-C8E1AF7628ED}"
EndProject
Global
	GlobalSection(SolutionConfigurationPlatforms) = preSolution
		Debug|Any CPU = Debug|Any CPU
		Release|Any CPU = Release|Any CPU
	EndGlobalSection
	GlobalSection(ProjectConfigurationPlatforms) = postSolution
		{91767AFC-73FC-4AB9-A67C-FFE41044D67E}.Debug|Any CPU.ActiveCfg = Debug|Any CPU
		{91767AFC-73FC-4AB9-A67C-FFE41044D67E}.Debug|Any CPU.Build.0 = Debug|Any CPU
		{91767AFC-73FC-4AB9-A67C-FFE41044D67E}.Release|Any CPU.ActiveCfg = Release|Any CPU
		{91767AFC-73FC-4AB9-A67C-FFE41044D67E}.Release|Any CPU.Build.0 = Release|Any CPU
		{7084A19C-04B8-4777-8EBE-6762F2EA6715}.Debug|Any CPU.ActiveCfg = Debug|Any CPU
		{7084A19C-04B8-4777-8EBE-6762F2EA6715}.Debug|Any CPU.Build.0 = Debug|Any CPU
		{7084A19C-04B8-4777-8EBE-6762F2EA6715}.Release|Any CPU.ActiveCfg = Release|Any CPU
		{7084A19C-04B8-4777-8EBE-6762F2EA6715}.Release|Any CPU.Build.0 = Release|Any CPU
		{36550C46-17EB-4A46-A379-28B3B9213808}.Debug|Any CPU.ActiveCfg = Debug|Any CPU
		{36550C46-17EB-4A46-A379-28B3B9213808}.Debug|Any CPU.Build.0 = Debug|Any CPU
		{36550C46-17EB-4A46-A379-28B3B9213808}.Release|Any CPU.ActiveCfg = Release|Any CPU
		{36550C46-17EB-4A46-A379-28B3B9213808}.Release|Any CPU.Build.0 = Release|Any CPU
		{EFD412E8-CDF0-4693-8533-CFE0C3937518}.Debug|Any CPU.ActiveCfg = Debug|Any CPU
		{EFD412E8-CDF0-4693-8533-CFE0C3937518}.Debug|Any CPU.Build.0 = Debug|Any CPU
		{EFD412E8-CDF0-4693-8533-CFE0C3937518}.Release|Any CPU.ActiveCfg = Release|Any CPU
		{EFD412E8-CDF0-4693-8533-CFE0C3937518}.Release|Any CPU.Build.0 = Release|Any CPU
		{971CB113-7C77-4BF6-825D-B76BD0E1ED6D}.Debug|Any CPU.ActiveCfg = Debug|Any CPU
		{971CB113-7C77-4BF6-825D-B76BD0E1ED6D}.Debug|Any CPU.Build.0 = Debug|Any CPU
		{971CB113-7C77-4BF6-825D-B76BD0E1ED6D}.Release|Any CPU.ActiveCfg = Release|Any CPU
		{971CB113-7C77-4BF6-825D-B76BD0E1ED6D}.Release|Any CPU.Build.0 = Release|Any CPU
		{93BF5879-063A-4280-8EEB-4D15C4172F8D}.Debug|Any CPU.ActiveCfg = Debug|Any CPU
		{93BF5879-063A-4280-8EEB-4D15C4172F8D}.Debug|Any CPU.Build.0 = Debug|Any CPU
		{93BF5879-063A-4280-8EEB-4D15C4172F8D}.Release|Any CPU.ActiveCfg = Release|Any CPU
		{93BF5879-063A-4280-8EEB-4D15C4172F8D}.Release|Any CPU.Build.0 = Release|Any CPU
		{A588183F-5DEA-402C-92E0-C8E1AF7628ED}.Debug|Any CPU.ActiveCfg = Debug|Any CPU
		{A588183F-5DEA-402C-92E0-C8E1AF7628ED}.Debug|Any CPU.Build.0 = Debug|Any CPU
		{A588183F-5DEA-402C-92E0-C8E1AF7628ED}.Release|Any CPU.ActiveCfg = Release|Any CPU
		{A588183F-5DEA-402C-92E0-C8E1AF7628ED}.Release|Any CPU.Build.0 = Release|Any CPU
	EndGlobalSection
	GlobalSection(SolutionProperties) = preSolution
		HideSolutionNode = FALSE
	EndGlobalSection
	GlobalSection(NestedProjects) = preSolution
		{91767AFC-73FC-4AB9-A67C-FFE41044D67E} = {1F6BFFD5-BF8B-4B3E-9429-865DE1A6136E}
		{7084A19C-04B8-4777-8EBE-6762F2EA6715} = {1F6BFFD5-BF8B-4B3E-9429-865DE1A6136E}
		{36550C46-17EB-4A46-A379-28B3B9213808} = {73ABF8CE-8187-4313-A6DC-3CFBF2475D22}
		{EFD412E8-CDF0-4693-8533-CFE0C3937518} = {73ABF8CE-8187-4313-A6DC-3CFBF2475D22}
		{971CB113-7C77-4BF6-825D-B76BD0E1ED6D} = {1F6BFFD5-BF8B-4B3E-9429-865DE1A6136E}
		{93BF5879-063A-4280-8EEB-4D15C4172F8D} = {05D0C774-A114-4958-BB46-A31DC6D97A63}
		{A588183F-5DEA-402C-92E0-C8E1AF7628ED} = {05D0C774-A114-4958-BB46-A31DC6D97A63}
	EndGlobalSection
	GlobalSection(ExtensibilityGlobals) = postSolution
		SolutionGuid = {C9779DDE-8050-4F7D-9BEE-A20E3D24A422}
	EndGlobalSection
EndGlobal
